
Microsoft Visual Studio Solution File, Format Version 12.00
# Visual Studio Version 17
VisualStudioVersion = 17.9.34616.47
MinimumVisualStudioVersion = 10.0.40219.1
Project("{FAE04EC0-301F-11D3-BF4B-00C04F79EFBC}") = "Osterauskunft", "Osterauskunft\Osterauskunft.csproj", "{292779BF-1128-42FC-9DC4-E164003E8052}"
EndProject
Global
	GlobalSection(SolutionConfigurationPlatforms) = preSolution
		Debug|Any CPU = Debug|Any CPU
		Release|Any CPU = Release|Any CPU
	EndGlobalSection
	GlobalSection(ProjectConfigurationPlatforms) = postSolution
		{292779BF-1128-42FC-9DC4-E164003E8052}.Debug|Any CPU.ActiveCfg = Debug|Any CPU
		{292779BF-1128-42FC-9DC4-E164003E8052}.Debug|Any CPU.Build.0 = Debug|Any CPU
		{292779BF-1128-42FC-9DC4-E164003E8052}.Release|Any CPU.ActiveCfg = Release|Any CPU
		{292779BF-1128-42FC-9DC4-E164003E8052}.Release|Any CPU.Build.0 = Release|Any CPU
	EndGlobalSection
	GlobalSection(SolutionProperties) = preSolution
		HideSolutionNode = FALSE
	EndGlobalSection
	GlobalSection(ExtensibilityGlobals) = postSolution
		SolutionGuid = {CF7E558E-00C7-44A7-B78E-252DF4FC537D}
	EndGlobalSection
EndGlobal
